
Microsoft Visual Studio Solution File, Format Version 12.00
# Visual Studio Version 17
VisualStudioVersion = 17.10.35027.167
MinimumVisualStudioVersion = 10.0.40219.1
Project("{FAE04EC0-301F-11D3-BF4B-00C04F79EFBC}") = "DataStructuresAndAlgorithms", "DataStructuresAndAlgorithms.csproj", "{B6997751-BFB1-459F-95F5-51FAF1526EBA}"
EndProject
Global
	GlobalSection(SolutionConfigurationPlatforms) = preSolution
		Debug|Any CPU = Debug|Any CPU
		Release|Any CPU = Release|Any CPU
	EndGlobalSection
	GlobalSection(ProjectConfigurationPlatforms) = postSolution
		{B6997751-BFB1-459F-95F5-51FAF1526EBA}.Debug|Any CPU.ActiveCfg = Debug|Any CPU
		{B6997751-BFB1-459F-95F5-51FAF1526EBA}.Debug|Any CPU.Build.0 = Debug|Any CPU
		{B6997751-BFB1-459F-95F5-51FAF1526EBA}.Release|Any CPU.ActiveCfg = Release|Any CPU
		{B6997751-BFB1-459F-95F5-51FAF1526EBA}.Release|Any CPU.Build.0 = Release|Any CPU
	EndGlobalSection
	GlobalSection(SolutionProperties) = preSolution
		HideSolutionNode = FALSE
	EndGlobalSection
	GlobalSection(ExtensibilityGlobals) = postSolution
		SolutionGuid = {C5C12198-8A63-4B9A-9453-6DB4FC79029E}
	EndGlobalSection
EndGlobal
